
Microsoft Visual Studio Solution File, Format Version 12.00
Project("{FAE04EC0-301F-11D3-BF4B-00C04F79EFBC}") = "composite-pattern", "composite-pattern\composite-pattern.csproj", "{F87F234A-C167-43E4-A841-AFAAF46E436F}"
EndProject
Global
	GlobalSection(SolutionConfigurationPlatforms) = preSolution
		Debug|Any CPU = Debug|Any CPU
		Release|Any CPU = Release|Any CPU
	EndGlobalSection
	GlobalSection(ProjectConfigurationPlatforms) = postSolution
		{F87F234A-C167-43E4-A841-AFAAF46E436F}.Debug|Any CPU.ActiveCfg = Debug|Any CPU
		{F87F234A-C167-43E4-A841-AFAAF46E436F}.Debug|Any CPU.Build.0 = Debug|Any CPU
		{F87F234A-C167-43E4-A841-AFAAF46E436F}.Release|Any CPU.ActiveCfg = Release|Any CPU
		{F87F234A-C167-43E4-A841-AFAAF46E436F}.Release|Any CPU.Build.0 = Release|Any CPU
	EndGlobalSection
EndGlobal
